// !$*UTF8*$!
{
	archiveVersion = 1;
	classes = {
	};
	objectVersion = 50;
	objects = {

/* Begin PBXBuildFile section */
		105BB4EC216A44B2000B6350 /* AppDelegate.swift in Sources */ = {isa = PBXBuildFile; fileRef = 105BB4EB216A44B2000B6350 /* AppDelegate.swift */; };
		105BB4EE216A44B2000B6350 /* FirstViewController.swift in Sources */ = {isa = PBXBuildFile; fileRef = 105BB4ED216A44B2000B6350 /* FirstViewController.swift */; };
		105BB4F0216A44B2000B6350 /* SecondViewController.swift in Sources */ = {isa = PBXBuildFile; fileRef = 105BB4EF216A44B2000B6350 /* SecondViewController.swift */; };
		105BB4F3216A44B2000B6350 /* Main.storyboard in Resources */ = {isa = PBXBuildFile; fileRef = 105BB4F1216A44B2000B6350 /* Main.storyboard */; };
		105BB4F5216A44B4000B6350 /* Assets.xcassets in Resources */ = {isa = PBXBuildFile; fileRef = 105BB4F4216A44B4000B6350 /* Assets.xcassets */; };
		105BB4F8216A44B4000B6350 /* LaunchScreen.storyboard in Resources */ = {isa = PBXBuildFile; fileRef = 105BB4F6216A44B4000B6350 /* LaunchScreen.storyboard */; };
		105BB503216A44B5000B6350 /* RestaurantsTests.swift in Sources */ = {isa = PBXBuildFile; fileRef = 105BB502216A44B5000B6350 /* RestaurantsTests.swift */; };
		105BB50E216A44B5000B6350 /* RestaurantsUITests.swift in Sources */ = {isa = PBXBuildFile; fileRef = 105BB50D216A44B5000B6350 /* RestaurantsUITests.swift */; };
/* End PBXBuildFile section */

/* Begin PBXContainerItemProxy section */
		105BB4FF216A44B5000B6350 /* PBXContainerItemProxy */ = {
			isa = PBXContainerItemProxy;
			containerPortal = 105BB4E0216A44B2000B6350 /* Project object */;
			proxyType = 1;
			remoteGlobalIDString = 105BB4E7216A44B2000B6350;
			remoteInfo = Restaurants;
		};
		105BB50A216A44B5000B6350 /* PBXContainerItemProxy */ = {
			isa = PBXContainerItemProxy;
			containerPortal = 105BB4E0216A44B2000B6350 /* Project object */;
			proxyType = 1;
			remoteGlobalIDString = 105BB4E7216A44B2000B6350;
			remoteInfo = Restaurants;
		};
/* End PBXContainerItemProxy section */

/* Begin PBXFileReference section */
		105BB4E8216A44B2000B6350 /* Restaurants.app */ = {isa = PBXFileReference; explicitFileType = wrapper.application; includeInIndex = 0; path = Restaurants.app; sourceTree = BUILT_PRODUCTS_DIR; };
		105BB4EB216A44B2000B6350 /* AppDelegate.swift */ = {isa = PBXFileReference; lastKnownFileType = sourcecode.swift; path = AppDelegate.swift; sourceTree = "<group>"; };
		105BB4ED216A44B2000B6350 /* FirstViewController.swift */ = {isa = PBXFileReference; lastKnownFileType = sourcecode.swift; path = FirstViewController.swift; sourceTree = "<group>"; };
		105BB4EF216A44B2000B6350 /* SecondViewController.swift */ = {isa = PBXFileReference; lastKnownFileType = sourcecode.swift; path = SecondViewController.swift; sourceTree = "<group>"; };
		105BB4F2216A44B2000B6350 /* Base */ = {isa = PBXFileReference; lastKnownFileType = file.storyboard; name = Base; path = Base.lproj/Main.storyboard; sourceTree = "<group>"; };
		105BB4F4216A44B4000B6350 /* Assets.xcassets */ = {isa = PBXFileReference; lastKnownFileType = folder.assetcatalog; path = Assets.xcassets; sourceTree = "<group>"; };
		105BB4F7216A44B4000B6350 /* Base */ = {isa = PBXFileReference; lastKnownFileType = file.storyboard; name = Base; path = Base.lproj/LaunchScreen.storyboard; sourceTree = "<group>"; };
		105BB4F9216A44B4000B6350 /* Info.plist */ = {isa = PBXFileReference; lastKnownFileType = text.plist.xml; path = Info.plist; sourceTree = "<group>"; };
		105BB4FE216A44B5000B6350 /* RestaurantsTests.xctest */ = {isa = PBXFileReference; explicitFileType = wrapper.cfbundle; includeInIndex = 0; path = RestaurantsTests.xctest; sourceTree = BUILT_PRODUCTS_DIR; };
		105BB502216A44B5000B6350 /* RestaurantsTests.swift */ = {isa = PBXFileReference; lastKnownFileType = sourcecode.swift; path = RestaurantsTests.swift; sourceTree = "<group>"; };
		105BB504216A44B5000B6350 /* Info.plist */ = {isa = PBXFileReference; lastKnownFileType = text.plist.xml; path = Info.plist; sourceTree = "<group>"; };
		105BB509216A44B5000B6350 /* RestaurantsUITests.xctest */ = {isa = PBXFileReference; explicitFileType = wrapper.cfbundle; includeInIndex = 0; path = RestaurantsUITests.xctest; sourceTree = BUILT_PRODUCTS_DIR; };
		105BB50D216A44B5000B6350 /* RestaurantsUITests.swift */ = {isa = PBXFileReference; lastKnownFileType = sourcecode.swift; path = RestaurantsUITests.swift; sourceTree = "<group>"; };
		105BB50F216A44B5000B6350 /* Info.plist */ = {isa = PBXFileReference; lastKnownFileType = text.plist.xml; path = Info.plist; sourceTree = "<group>"; };
/* End PBXFileReference section */

/* Begin PBXFrameworksBuildPhase section */
		105BB4E5216A44B2000B6350 /* Frameworks */ = {
			isa = PBXFrameworksBuildPhase;
			buildActionMask = 2147483647;
			files = (
			);
			runOnlyForDeploymentPostprocessing = 0;
		};
		105BB4FB216A44B5000B6350 /* Frameworks */ = {
			isa = PBXFrameworksBuildPhase;
			buildActionMask = 2147483647;
			files = (
			);
			runOnlyForDeploymentPostprocessing = 0;
		};
		105BB506216A44B5000B6350 /* Frameworks */ = {
			isa = PBXFrameworksBuildPhase;
			buildActionMask = 2147483647;
			files = (
			);
			runOnlyForDeploymentPostprocessing = 0;
		};
/* End PBXFrameworksBuildPhase section */

/* Begin PBXGroup section */
		105BB4DF216A44B2000B6350 = {
			isa = PBXGroup;
			children = (
				105BB4EA216A44B2000B6350 /* Restaurants */,
				105BB501216A44B5000B6350 /* RestaurantsTests */,
				105BB50C216A44B5000B6350 /* RestaurantsUITests */,
				105BB4E9216A44B2000B6350 /* Products */,
			);
			sourceTree = "<group>";
		};
		105BB4E9216A44B2000B6350 /* Products */ = {
			isa = PBXGroup;
			children = (
				105BB4E8216A44B2000B6350 /* Restaurants.app */,
				105BB4FE216A44B5000B6350 /* RestaurantsTests.xctest */,
				105BB509216A44B5000B6350 /* RestaurantsUITests.xctest */,
			);
			name = Products;
			sourceTree = "<group>";
		};
		105BB4EA216A44B2000B6350 /* Restaurants */ = {
			isa = PBXGroup;
			children = (
				105BB4EB216A44B2000B6350 /* AppDelegate.swift */,
				105BB4ED216A44B2000B6350 /* FirstViewController.swift */,
				105BB4EF216A44B2000B6350 /* SecondViewController.swift */,
				105BB4F1216A44B2000B6350 /* Main.storyboard */,
				105BB4F4216A44B4000B6350 /* Assets.xcassets */,
				105BB4F6216A44B4000B6350 /* LaunchScreen.storyboard */,
				105BB4F9216A44B4000B6350 /* Info.plist */,
			);
			path = Restaurants;
			sourceTree = "<group>";
		};
		105BB501216A44B5000B6350 /* RestaurantsTests */ = {
			isa = PBXGroup;
			children = (
				105BB502216A44B5000B6350 /* RestaurantsTests.swift */,
				105BB504216A44B5000B6350 /* Info.plist */,
			);
			path = RestaurantsTests;
			sourceTree = "<group>";
		};
		105BB50C216A44B5000B6350 /* RestaurantsUITests */ = {
			isa = PBXGroup;
			children = (
				105BB50D216A44B5000B6350 /* RestaurantsUITests.swift */,
				105BB50F216A44B5000B6350 /* Info.plist */,
			);
			path = RestaurantsUITests;
			sourceTree = "<group>";
		};
/* End PBXGroup section */

/* Begin PBXNativeTarget section */
		105BB4E7216A44B2000B6350 /* Restaurants */ = {
			isa = PBXNativeTarget;
			buildConfigurationList = 105BB512216A44B5000B6350 /* Build configuration list for PBXNativeTarget "Restaurants" */;
			buildPhases = (
				105BB4E4216A44B2000B6350 /* Sources */,
				105BB4E5216A44B2000B6350 /* Frameworks */,
				105BB4E6216A44B2000B6350 /* Resources */,
			);
			buildRules = (
			);
			dependencies = (
			);
			name = Restaurants;
			productName = Restaurants;
			productReference = 105BB4E8216A44B2000B6350 /* Restaurants.app */;
			productType = "com.apple.product-type.application";
		};
		105BB4FD216A44B5000B6350 /* RestaurantsTests */ = {
			isa = PBXNativeTarget;
			buildConfigurationList = 105BB515216A44B5000B6350 /* Build configuration list for PBXNativeTarget "RestaurantsTests" */;
			buildPhases = (
				105BB4FA216A44B5000B6350 /* Sources */,
				105BB4FB216A44B5000B6350 /* Frameworks */,
				105BB4FC216A44B5000B6350 /* Resources */,
			);
			buildRules = (
			);
			dependencies = (
				105BB500216A44B5000B6350 /* PBXTargetDependency */,
			);
			name = RestaurantsTests;
			productName = RestaurantsTests;
			productReference = 105BB4FE216A44B5000B6350 /* RestaurantsTests.xctest */;
			productType = "com.apple.product-type.bundle.unit-test";
		};
		105BB508216A44B5000B6350 /* RestaurantsUITests */ = {
			isa = PBXNativeTarget;
			buildConfigurationList = 105BB518216A44B5000B6350 /* Build configuration list for PBXNativeTarget "RestaurantsUITests" */;
			buildPhases = (
				105BB505216A44B5000B6350 /* Sources */,
				105BB506216A44B5000B6350 /* Frameworks */,
				105BB507216A44B5000B6350 /* Resources */,
			);
			buildRules = (
			);
			dependencies = (
				105BB50B216A44B5000B6350 /* PBXTargetDependency */,
			);
			name = RestaurantsUITests;
			productName = RestaurantsUITests;
			productReference = 105BB509216A44B5000B6350 /* RestaurantsUITests.xctest */;
			productType = "com.apple.product-type.bundle.ui-testing";
		};
/* End PBXNativeTarget section */

/* Begin PBXProject section */
		105BB4E0216A44B2000B6350 /* Project object */ = {
			isa = PBXProject;
			attributes = {
				LastSwiftUpdateCheck = 1000;
				LastUpgradeCheck = 1000;
				ORGANIZATIONNAME = "Ted Zhang";
				TargetAttributes = {
					105BB4E7216A44B2000B6350 = {
						CreatedOnToolsVersion = 10.0;
					};
					105BB4FD216A44B5000B6350 = {
						CreatedOnToolsVersion = 10.0;
						TestTargetID = 105BB4E7216A44B2000B6350;
					};
					105BB508216A44B5000B6350 = {
						CreatedOnToolsVersion = 10.0;
						TestTargetID = 105BB4E7216A44B2000B6350;
					};
				};
			};
			buildConfigurationList = 105BB4E3216A44B2000B6350 /* Build configuration list for PBXProject "Restaurants" */;
			compatibilityVersion = "Xcode 9.3";
			developmentRegion = en;
			hasScannedForEncodings = 0;
			knownRegions = (
				en,
				Base,
			);
			mainGroup = 105BB4DF216A44B2000B6350;
			productRefGroup = 105BB4E9216A44B2000B6350 /* Products */;
			projectDirPath = "";
			projectRoot = "";
			targets = (
				105BB4E7216A44B2000B6350 /* Restaurants */,
				105BB4FD216A44B5000B6350 /* RestaurantsTests */,
				105BB508216A44B5000B6350 /* RestaurantsUITests */,
			);
		};
/* End PBXProject section */

/* Begin PBXResourcesBuildPhase section */
		105BB4E6216A44B2000B6350 /* Resources */ = {
			isa = PBXResourcesBuildPhase;
			buildActionMask = 2147483647;
			files = (
				105BB4F8216A44B4000B6350 /* LaunchScreen.storyboard in Resources */,
				105BB4F5216A44B4000B6350 /* Assets.xcassets in Resources */,
				105BB4F3216A44B2000B6350 /* Main.storyboard in Resources */,
			);
			runOnlyForDeploymentPostprocessing = 0;
		};
		105BB4FC216A44B5000B6350 /* Resources */ = {
			isa = PBXResourcesBuildPhase;
			buildActionMask = 2147483647;
			files = (
			);
			runOnlyForDeploymentPostprocessing = 0;
		};
		105BB507216A44B5000B6350 /* Resources */ = {
			isa = PBXResourcesBuildPhase;
			buildActionMask = 2147483647;
			files = (
			);
			runOnlyForDeploymentPostprocessing = 0;
		};
/* End PBXResourcesBuildPhase section */

/* Begin PBXSourcesBuildPhase section */
		105BB4E4216A44B2000B6350 /* Sources */ = {
			isa = PBXSourcesBuildPhase;
			buildActionMask = 2147483647;
			files = (
				105BB4F0216A44B2000B6350 /* SecondViewController.swift in Sources */,
				105BB4EC216A44B2000B6350 /* AppDelegate.swift in Sources */,
				105BB4EE216A44B2000B6350 /* FirstViewController.swift in Sources */,
			);
			runOnlyForDeploymentPostprocessing = 0;
		};
		105BB4FA216A44B5000B6350 /* Sources */ = {
			isa = PBXSourcesBuildPhase;
			buildActionMask = 2147483647;
			files = (
				105BB503216A44B5000B6350 /* RestaurantsTests.swift in Sources */,
			);
			runOnlyForDeploymentPostprocessing = 0;
		};
		105BB505216A44B5000B6350 /* Sources */ = {
			isa = PBXSourcesBuildPhase;
			buildActionMask = 2147483647;
			files = (
				105BB50E216A44B5000B6350 /* RestaurantsUITests.swift in Sources */,
			);
			runOnlyForDeploymentPostprocessing = 0;
		};
/* End PBXSourcesBuildPhase section */

/* Begin PBXTargetDependency section */
		105BB500216A44B5000B6350 /* PBXTargetDependency */ = {
			isa = PBXTargetDependency;
			target = 105BB4E7216A44B2000B6350 /* Restaurants */;
			targetProxy = 105BB4FF216A44B5000B6350 /* PBXContainerItemProxy */;
		};
		105BB50B216A44B5000B6350 /* PBXTargetDependency */ = {
			isa = PBXTargetDependency;
			target = 105BB4E7216A44B2000B6350 /* Restaurants */;
			targetProxy = 105BB50A216A44B5000B6350 /* PBXContainerItemProxy */;
		};
/* End PBXTargetDependency section */

/* Begin PBXVariantGroup section */
		105BB4F1216A44B2000B6350 /* Main.storyboard */ = {
			isa = PBXVariantGroup;
			children = (
				105BB4F2216A44B2000B6350 /* Base */,
			);
			name = Main.storyboard;
			sourceTree = "<group>";
		};
		105BB4F6216A44B4000B6350 /* LaunchScreen.storyboard */ = {
			isa = PBXVariantGroup;
			children = (
				105BB4F7216A44B4000B6350 /* Base */,
			);
			name = LaunchScreen.storyboard;
			sourceTree = "<group>";
		};
/* End PBXVariantGroup section */

/* Begin XCBuildConfiguration section */
		105BB510216A44B5000B6350 /* Debug */ = {
			isa = XCBuildConfiguration;
			buildSettings = {
				ALWAYS_SEARCH_USER_PATHS = NO;
				CLANG_ANALYZER_NONNULL = YES;
				CLANG_ANALYZER_NUMBER_OBJECT_CONVERSION = YES_AGGRESSIVE;
				CLANG_CXX_LANGUAGE_STANDARD = "gnu++14";
				CLANG_CXX_LIBRARY = "libc++";
				CLANG_ENABLE_MODULES = YES;
				CLANG_ENABLE_OBJC_ARC = YES;
				CLANG_ENABLE_OBJC_WEAK = YES;
				CLANG_WARN_BLOCK_CAPTURE_AUTORELEASING = YES;
				CLANG_WARN_BOOL_CONVERSION = YES;
				CLANG_WARN_COMMA = YES;
				CLANG_WARN_CONSTANT_CONVERSION = YES;
				CLANG_WARN_DEPRECATED_OBJC_IMPLEMENTATIONS = YES;
				CLANG_WARN_DIRECT_OBJC_ISA_USAGE = YES_ERROR;
				CLANG_WARN_DOCUMENTATION_COMMENTS = YES;
				CLANG_WARN_EMPTY_BODY = YES;
				CLANG_WARN_ENUM_CONVERSION = YES;
				CLANG_WARN_INFINITE_RECURSION = YES;
				CLANG_WARN_INT_CONVERSION = YES;
				CLANG_WARN_NON_LITERAL_NULL_CONVERSION = YES;
				CLANG_WARN_OBJC_IMPLICIT_RETAIN_SELF = YES;
				CLANG_WARN_OBJC_LITERAL_CONVERSION = YES;
				CLANG_WARN_OBJC_ROOT_CLASS = YES_ERROR;
				CLANG_WARN_RANGE_LOOP_ANALYSIS = YES;
				CLANG_WARN_STRICT_PROTOTYPES = YES;
				CLANG_WARN_SUSPICIOUS_MOVE = YES;
				CLANG_WARN_UNGUARDED_AVAILABILITY = YES_AGGRESSIVE;
				CLANG_WARN_UNREACHABLE_CODE = YES;
				CLANG_WARN__DUPLICATE_METHOD_MATCH = YES;
				CODE_SIGN_IDENTITY = "iPhone Developer";
				COPY_PHASE_STRIP = NO;
				DEBUG_INFORMATION_FORMAT = dwarf;
				ENABLE_STRICT_OBJC_MSGSEND = YES;
				ENABLE_TESTABILITY = YES;
				GCC_C_LANGUAGE_STANDARD = gnu11;
				GCC_DYNAMIC_NO_PIC = NO;
				GCC_NO_COMMON_BLOCKS = YES;
				GCC_OPTIMIZATION_LEVEL = 0;
				GCC_PREPROCESSOR_DEFINITIONS = (
					"DEBUG=1",
					"$(inherited)",
				);
				GCC_WARN_64_TO_32_BIT_CONVERSION = YES;
				GCC_WARN_ABOUT_RETURN_TYPE = YES_ERROR;
				GCC_WARN_UNDECLARED_SELECTOR = YES;
				GCC_WARN_UNINITIALIZED_AUTOS = YES_AGGRESSIVE;
				GCC_WARN_UNUSED_FUNCTION = YES;
				GCC_WARN_UNUSED_VARIABLE = YES;
				IPHONEOS_DEPLOYMENT_TARGET = 12.0;
				MTL_ENABLE_DEBUG_INFO = INCLUDE_SOURCE;
				MTL_FAST_MATH = YES;
				ONLY_ACTIVE_ARCH = YES;
				SDKROOT = iphoneos;
				SWIFT_ACTIVE_COMPILATION_CONDITIONS = DEBUG;
				SWIFT_OPTIMIZATION_LEVEL = "-Onone";
			};
			name = Debug;
		};
		105BB511216A44B5000B6350 /* Release */ = {
			isa = XCBuildConfiguration;
			buildSettings = {
				ALWAYS_SEARCH_USER_PATHS = NO;
				CLANG_ANALYZER_NONNULL = YES;
				CLANG_ANALYZER_NUMBER_OBJECT_CONVERSION = YES_AGGRESSIVE;
				CLANG_CXX_LANGUAGE_STANDARD = "gnu++14";
				CLANG_CXX_LIBRARY = "libc++";
				CLANG_ENABLE_MODULES = YES;
				CLANG_ENABLE_OBJC_ARC = YES;
				CLANG_ENABLE_OBJC_WEAK = YES;
				CLANG_WARN_BLOCK_CAPTURE_AUTORELEASING = YES;
				CLANG_WARN_BOOL_CONVERSION = YES;
				CLANG_WARN_COMMA = YES;
				CLANG_WARN_CONSTANT_CONVERSION = YES;
				CLANG_WARN_DEPRECATED_OBJC_IMPLEMENTATIONS = YES;
				CLANG_WARN_DIRECT_OBJC_ISA_USAGE = YES_ERROR;
				CLANG_WARN_DOCUMENTATION_COMMENTS = YES;
				CLANG_WARN_EMPTY_BODY = YES;
				CLANG_WARN_ENUM_CONVERSION = YES;
				CLANG_WARN_INFINITE_RECURSION = YES;
				CLANG_WARN_INT_CONVERSION = YES;
				CLANG_WARN_NON_LITERAL_NULL_CONVERSION = YES;
				CLANG_WARN_OBJC_IMPLICIT_RETAIN_SELF = YES;
				CLANG_WARN_OBJC_LITERAL_CONVERSION = YES;
				CLANG_WARN_OBJC_ROOT_CLASS = YES_ERROR;
				CLANG_WARN_RANGE_LOOP_ANALYSIS = YES;
				CLANG_WARN_STRICT_PROTOTYPES = YES;
				CLANG_WARN_SUSPICIOUS_MOVE = YES;
				CLANG_WARN_UNGUARDED_AVAILABILITY = YES_AGGRESSIVE;
				CLANG_WARN_UNREACHABLE_CODE = YES;
				CLANG_WARN__DUPLICATE_METHOD_MATCH = YES;
				CODE_SIGN_IDENTITY = "iPhone Developer";
				COPY_PHASE_STRIP = NO;
				DEBUG_INFORMATION_FORMAT = "dwarf-with-dsym";
				ENABLE_NS_ASSERTIONS = NO;
				ENABLE_STRICT_OBJC_MSGSEND = YES;
				GCC_C_LANGUAGE_STANDARD = gnu11;
				GCC_NO_COMMON_BLOCKS = YES;
				GCC_WARN_64_TO_32_BIT_CONVERSION = YES;
				GCC_WARN_ABOUT_RETURN_TYPE = YES_ERROR;
				GCC_WARN_UNDECLARED_SELECTOR = YES;
				GCC_WARN_UNINITIALIZED_AUTOS = YES_AGGRESSIVE;
				GCC_WARN_UNUSED_FUNCTION = YES;
				GCC_WARN_UNUSED_VARIABLE = YES;
				IPHONEOS_DEPLOYMENT_TARGET = 12.0;
				MTL_ENABLE_DEBUG_INFO = NO;
				MTL_FAST_MATH = YES;
				SDKROOT = iphoneos;
				SWIFT_COMPILATION_MODE = wholemodule;
				SWIFT_OPTIMIZATION_LEVEL = "-O";
				VALIDATE_PRODUCT = YES;
			};
			name = Release;
		};
		105BB513216A44B5000B6350 /* Debug */ = {
			isa = XCBuildConfiguration;
			buildSettings = {
				ASSETCATALOG_COMPILER_APPICON_NAME = AppIcon;
				CODE_SIGN_STYLE = Automatic;
				DEVELOPMENT_TEAM = ZNV3JB73XM;
				INFOPLIST_FILE = Restaurants/Info.plist;
				LD_RUNPATH_SEARCH_PATHS = (
					"$(inherited)",
					"@executable_path/Frameworks",
				);
				PRODUCT_BUNDLE_IDENTIFIER = com.tz.Restaurants;
				PRODUCT_NAME = "$(TARGET_NAME)";
				SWIFT_VERSION = 4.2;
				TARGETED_DEVICE_FAMILY = "1,2";
			};
			name = Debug;
		};
		105BB514216A44B5000B6350 /* Release */ = {
			isa = XCBuildConfiguration;
			buildSettings = {
				ASSETCATALOG_COMPILER_APPICON_NAME = AppIcon;
				CODE_SIGN_STYLE = Automatic;
				DEVELOPMENT_TEAM = ZNV3JB73XM;
				INFOPLIST_FILE = Restaurants/Info.plist;
				LD_RUNPATH_SEARCH_PATHS = (
					"$(inherited)",
					"@executable_path/Frameworks",
				);
				PRODUCT_BUNDLE_IDENTIFIER = com.tz.Restaurants;
				PRODUCT_NAME = "$(TARGET_NAME)";
				SWIFT_VERSION = 4.2;
				TARGETED_DEVICE_FAMILY = "1,2";
			};
			name = Release;
		};
		105BB516216A44B5000B6350 /* Debug */ = {
			isa = XCBuildConfiguration;
			buildSettings = {
				ALWAYS_EMBED_SWIFT_STANDARD_LIBRARIES = YES;
				BUNDLE_LOADER = "$(TEST_HOST)";
				CODE_SIGN_STYLE = Automatic;
				DEVELOPMENT_TEAM = ZNV3JB73XM;
				INFOPLIST_FILE = RestaurantsTests/Info.plist;
				LD_RUNPATH_SEARCH_PATHS = (
					"$(inherited)",
					"@executable_path/Frameworks",
					"@loader_path/Frameworks",
				);
				PRODUCT_BUNDLE_IDENTIFIER = com.tz.RestaurantsTests;
				PRODUCT_NAME = "$(TARGET_NAME)";
				SWIFT_VERSION = 4.2;
				TARGETED_DEVICE_FAMILY = "1,2";
				TEST_HOST = "$(BUILT_PRODUCTS_DIR)/Restaurants.app/Restaurants";
			};
			name = Debug;
		};
		105BB517216A44B5000B6350 /* Release */ = {
			isa = XCBuildConfiguration;
			buildSettings = {
				ALWAYS_EMBED_SWIFT_STANDARD_LIBRARIES = YES;
				BUNDLE_LOADER = "$(TEST_HOST)";
				CODE_SIGN_STYLE = Automatic;
				DEVELOPMENT_TEAM = ZNV3JB73XM;
				INFOPLIST_FILE = RestaurantsTests/Info.plist;
				LD_RUNPATH_SEARCH_PATHS = (
					"$(inherited)",
					"@executable_path/Frameworks",
					"@loader_path/Frameworks",
				);
				PRODUCT_BUNDLE_IDENTIFIER = com.tz.RestaurantsTests;
				PRODUCT_NAME = "$(TARGET_NAME)";
				SWIFT_VERSION = 4.2;
				TARGETED_DEVICE_FAMILY = "1,2";
				TEST_HOST = "$(BUILT_PRODUCTS_DIR)/Restaurants.app/Restaurants";
			};
			name = Release;
		};
		105BB519216A44B5000B6350 /* Debug */ = {
			isa = XCBuildConfiguration;
			buildSettings = {
				ALWAYS_EMBED_SWIFT_STANDARD_LIBRARIES = YES;
				CODE_SIGN_STYLE = Automatic;
				DEVELOPMENT_TEAM = ZNV3JB73XM;
				INFOPLIST_FILE = RestaurantsUITests/Info.plist;
				LD_RUNPATH_SEARCH_PATHS = (
					"$(inherited)",
					"@executable_path/Frameworks",
					"@loader_path/Frameworks",
				);
				PRODUCT_BUNDLE_IDENTIFIER = com.tz.RestaurantsUITests;
				PRODUCT_NAME = "$(TARGET_NAME)";
				SWIFT_VERSION = 4.2;
				TARGETED_DEVICE_FAMILY = "1,2";
				TEST_TARGET_NAME = Restaurants;
			};
			name = Debug;
		};
		105BB51A216A44B5000B6350 /* Release */ = {
			isa = XCBuildConfiguration;
			buildSettings = {
				ALWAYS_EMBED_SWIFT_STANDARD_LIBRARIES = YES;
				CODE_SIGN_STYLE = Automatic;
				DEVELOPMENT_TEAM = ZNV3JB73XM;
				INFOPLIST_FILE = RestaurantsUITests/Info.plist;
				LD_RUNPATH_SEARCH_PATHS = (
					"$(inherited)",
					"@executable_path/Frameworks",
					"@loader_path/Frameworks",
				);
				PRODUCT_BUNDLE_IDENTIFIER = com.tz.RestaurantsUITests;
				PRODUCT_NAME = "$(TARGET_NAME)";
				SWIFT_VERSION = 4.2;
				TARGETED_DEVICE_FAMILY = "1,2";
				TEST_TARGET_NAME = Restaurants;
			};
			name = Release;
		};
/* End XCBuildConfiguration section */

/* Begin XCConfigurationList section */
		105BB4E3216A44B2000B6350 /* Build configuration list for PBXProject "Restaurants" */ = {
			isa = XCConfigurationList;
			buildConfigurations = (
				105BB510216A44B5000B6350 /* Debug */,
				105BB511216A44B5000B6350 /* Release */,
			);
			defaultConfigurationIsVisible = 0;
			defaultConfigurationName = Release;
		};
		105BB512216A44B5000B6350 /* Build configuration list for PBXNativeTarget "Restaurants" */ = {
			isa = XCConfigurationList;
			buildConfigurations = (
				105BB513216A44B5000B6350 /* Debug */,
				105BB514216A44B5000B6350 /* Release */,
			);
			defaultConfigurationIsVisible = 0;
			defaultConfigurationName = Release;
		};
		105BB515216A44B5000B6350 /* Build configuration list for PBXNativeTarget "RestaurantsTests" */ = {
			isa = XCConfigurationList;
			buildConfigurations = (
				105BB516216A44B5000B6350 /* Debug */,
				105BB517216A44B5000B6350 /* Release */,
			);
			defaultConfigurationIsVisible = 0;
			defaultConfigurationName = Release;
		};
		105BB518216A44B5000B6350 /* Build configuration list for PBXNativeTarget "RestaurantsUITests" */ = {
			isa = XCConfigurationList;
			buildConfigurations = (
				105BB519216A44B5000B6350 /* Debug */,
				105BB51A216A44B5000B6350 /* Release */,
			);
			defaultConfigurationIsVisible = 0;
			defaultConfigurationName = Release;
		};
/* End XCConfigurationList section */
	};
	rootObject = 105BB4E0216A44B2000B6350 /* Project object */;
}
