// !$*UTF8*$!
{
	archiveVersion = 1;
	classes = {
	};
	objectVersion = 50;
	objects = {

/* Begin PBXBuildFile section */
		105BB4EC216A44B2000B6350 /* AppDelegate.swift in Sources */ = {isa = PBXBuildFile; fileRef = 105BB4EB216A44B2000B6350 /* AppDelegate.swift */; };
		105BB4F3216A44B2000B6350 /* Main.storyboard in Resources */ = {isa = PBXBuildFile; fileRef = 105BB4F1216A44B2000B6350 /* Main.storyboard */; };
		105BB4F5216A44B4000B6350 /* Assets.xcassets in Resources */ = {isa = PBXBuildFile; fileRef = 105BB4F4216A44B4000B6350 /* Assets.xcassets */; };
		105BB4F8216A44B4000B6350 /* LaunchScreen.storyboard in Resources */ = {isa = PBXBuildFile; fileRef = 105BB4F6216A44B4000B6350 /* LaunchScreen.storyboard */; };
		105BB503216A44B5000B6350 /* RestaurantsTests.swift in Sources */ = {isa = PBXBuildFile; fileRef = 105BB502216A44B5000B6350 /* RestaurantsTests.swift */; };
		105BB50E216A44B5000B6350 /* RestaurantsUITests.swift in Sources */ = {isa = PBXBuildFile; fileRef = 105BB50D216A44B5000B6350 /* RestaurantsUITests.swift */; };
		105BB523216A4647000B6350 /* RestaurantsServiceProtocol.swift in Sources */ = {isa = PBXBuildFile; fileRef = 105BB51D216A4647000B6350 /* RestaurantsServiceProtocol.swift */; };
		105BB524216A4647000B6350 /* RestaurantsView.swift in Sources */ = {isa = PBXBuildFile; fileRef = 105BB51E216A4647000B6350 /* RestaurantsView.swift */; };
		105BB525216A4647000B6350 /* RestaurantsModel.swift in Sources */ = {isa = PBXBuildFile; fileRef = 105BB51F216A4647000B6350 /* RestaurantsModel.swift */; };
		105BB526216A4647000B6350 /* RestaurantsService.swift in Sources */ = {isa = PBXBuildFile; fileRef = 105BB520216A4647000B6350 /* RestaurantsService.swift */; };
		105BB527216A4647000B6350 /* RestaurantsViewModel.swift in Sources */ = {isa = PBXBuildFile; fileRef = 105BB521216A4647000B6350 /* RestaurantsViewModel.swift */; };
		105BB528216A4647000B6350 /* RestaurantsTarget.swift in Sources */ = {isa = PBXBuildFile; fileRef = 105BB522216A4647000B6350 /* RestaurantsTarget.swift */; };
		105BB52F216A4658000B6350 /* SelectAddressServiceProtocol.swift in Sources */ = {isa = PBXBuildFile; fileRef = 105BB529216A4658000B6350 /* SelectAddressServiceProtocol.swift */; };
		105BB530216A4658000B6350 /* SelectAddressView.swift in Sources */ = {isa = PBXBuildFile; fileRef = 105BB52A216A4658000B6350 /* SelectAddressView.swift */; };
		105BB531216A4658000B6350 /* SelectAddressModel.swift in Sources */ = {isa = PBXBuildFile; fileRef = 105BB52B216A4658000B6350 /* SelectAddressModel.swift */; };
		105BB532216A4658000B6350 /* SelectAddressService.swift in Sources */ = {isa = PBXBuildFile; fileRef = 105BB52C216A4658000B6350 /* SelectAddressService.swift */; };
		105BB533216A4658000B6350 /* SelectAddressViewModel.swift in Sources */ = {isa = PBXBuildFile; fileRef = 105BB52D216A4658000B6350 /* SelectAddressViewModel.swift */; };
		105BB534216A4658000B6350 /* SelectAddressTarget.swift in Sources */ = {isa = PBXBuildFile; fileRef = 105BB52E216A4658000B6350 /* SelectAddressTarget.swift */; };
		105BB537216A4D4F000B6350 /* Target.swift in Sources */ = {isa = PBXBuildFile; fileRef = 105BB536216A4D4F000B6350 /* Target.swift */; };
		105BB53A216A53DD000B6350 /* SourceryMeta.swift in Sources */ = {isa = PBXBuildFile; fileRef = 105BB539216A53DD000B6350 /* SourceryMeta.swift */; };
		105BB53C216A572A000B6350 /* store_search.json in Resources */ = {isa = PBXBuildFile; fileRef = 105BB53B216A572A000B6350 /* store_search.json */; };
		3B304F979A7B965D6860D845 /* Pods_RestaurantsTests.framework in Frameworks */ = {isa = PBXBuildFile; fileRef = 2F15EEF87331926FBEC43AD3 /* Pods_RestaurantsTests.framework */; };
		61EB53AFF5B4F69714C373A2 /* Pods_Restaurants.framework in Frameworks */ = {isa = PBXBuildFile; fileRef = CCC9BA61F5C6805520230DD9 /* Pods_Restaurants.framework */; };
		977C0B581332B33F707CC890 /* Pods_RestaurantsUITests.framework in Frameworks */ = {isa = PBXBuildFile; fileRef = B474DEEB3326B83B1B05E8CC /* Pods_RestaurantsUITests.framework */; };
/* End PBXBuildFile section */

/* Begin PBXContainerItemProxy section */
		105BB4FF216A44B5000B6350 /* PBXContainerItemProxy */ = {
			isa = PBXContainerItemProxy;
			containerPortal = 105BB4E0216A44B2000B6350 /* Project object */;
			proxyType = 1;
			remoteGlobalIDString = 105BB4E7216A44B2000B6350;
			remoteInfo = Restaurants;
		};
		105BB50A216A44B5000B6350 /* PBXContainerItemProxy */ = {
			isa = PBXContainerItemProxy;
			containerPortal = 105BB4E0216A44B2000B6350 /* Project object */;
			proxyType = 1;
			remoteGlobalIDString = 105BB4E7216A44B2000B6350;
			remoteInfo = Restaurants;
		};
/* End PBXContainerItemProxy section */

/* Begin PBXFileReference section */
		105BB4E8216A44B2000B6350 /* Restaurants.app */ = {isa = PBXFileReference; explicitFileType = wrapper.application; includeInIndex = 0; path = Restaurants.app; sourceTree = BUILT_PRODUCTS_DIR; };
		105BB4EB216A44B2000B6350 /* AppDelegate.swift */ = {isa = PBXFileReference; lastKnownFileType = sourcecode.swift; path = AppDelegate.swift; sourceTree = "<group>"; };
		105BB4F2216A44B2000B6350 /* Base */ = {isa = PBXFileReference; lastKnownFileType = file.storyboard; name = Base; path = Base.lproj/Main.storyboard; sourceTree = "<group>"; };
		105BB4F4216A44B4000B6350 /* Assets.xcassets */ = {isa = PBXFileReference; lastKnownFileType = folder.assetcatalog; path = Assets.xcassets; sourceTree = "<group>"; };
		105BB4F7216A44B4000B6350 /* Base */ = {isa = PBXFileReference; lastKnownFileType = file.storyboard; name = Base; path = Base.lproj/LaunchScreen.storyboard; sourceTree = "<group>"; };
		105BB4F9216A44B4000B6350 /* Info.plist */ = {isa = PBXFileReference; lastKnownFileType = text.plist.xml; path = Info.plist; sourceTree = "<group>"; };
		105BB4FE216A44B5000B6350 /* RestaurantsTests.xctest */ = {isa = PBXFileReference; explicitFileType = wrapper.cfbundle; includeInIndex = 0; path = RestaurantsTests.xctest; sourceTree = BUILT_PRODUCTS_DIR; };
		105BB502216A44B5000B6350 /* RestaurantsTests.swift */ = {isa = PBXFileReference; lastKnownFileType = sourcecode.swift; path = RestaurantsTests.swift; sourceTree = "<group>"; };
		105BB504216A44B5000B6350 /* Info.plist */ = {isa = PBXFileReference; lastKnownFileType = text.plist.xml; path = Info.plist; sourceTree = "<group>"; };
		105BB509216A44B5000B6350 /* RestaurantsUITests.xctest */ = {isa = PBXFileReference; explicitFileType = wrapper.cfbundle; includeInIndex = 0; path = RestaurantsUITests.xctest; sourceTree = BUILT_PRODUCTS_DIR; };
		105BB50D216A44B5000B6350 /* RestaurantsUITests.swift */ = {isa = PBXFileReference; lastKnownFileType = sourcecode.swift; path = RestaurantsUITests.swift; sourceTree = "<group>"; };
		105BB50F216A44B5000B6350 /* Info.plist */ = {isa = PBXFileReference; lastKnownFileType = text.plist.xml; path = Info.plist; sourceTree = "<group>"; };
		105BB51D216A4647000B6350 /* RestaurantsServiceProtocol.swift */ = {isa = PBXFileReference; lastKnownFileType = sourcecode.swift; path = RestaurantsServiceProtocol.swift; sourceTree = "<group>"; };
		105BB51E216A4647000B6350 /* RestaurantsView.swift */ = {isa = PBXFileReference; lastKnownFileType = sourcecode.swift; path = RestaurantsView.swift; sourceTree = "<group>"; };
		105BB51F216A4647000B6350 /* RestaurantsModel.swift */ = {isa = PBXFileReference; lastKnownFileType = sourcecode.swift; path = RestaurantsModel.swift; sourceTree = "<group>"; };
		105BB520216A4647000B6350 /* RestaurantsService.swift */ = {isa = PBXFileReference; lastKnownFileType = sourcecode.swift; path = RestaurantsService.swift; sourceTree = "<group>"; };
		105BB521216A4647000B6350 /* RestaurantsViewModel.swift */ = {isa = PBXFileReference; lastKnownFileType = sourcecode.swift; path = RestaurantsViewModel.swift; sourceTree = "<group>"; };
		105BB522216A4647000B6350 /* RestaurantsTarget.swift */ = {isa = PBXFileReference; lastKnownFileType = sourcecode.swift; path = RestaurantsTarget.swift; sourceTree = "<group>"; };
		105BB529216A4658000B6350 /* SelectAddressServiceProtocol.swift */ = {isa = PBXFileReference; lastKnownFileType = sourcecode.swift; path = SelectAddressServiceProtocol.swift; sourceTree = "<group>"; };
		105BB52A216A4658000B6350 /* SelectAddressView.swift */ = {isa = PBXFileReference; lastKnownFileType = sourcecode.swift; path = SelectAddressView.swift; sourceTree = "<group>"; };
		105BB52B216A4658000B6350 /* SelectAddressModel.swift */ = {isa = PBXFileReference; lastKnownFileType = sourcecode.swift; path = SelectAddressModel.swift; sourceTree = "<group>"; };
		105BB52C216A4658000B6350 /* SelectAddressService.swift */ = {isa = PBXFileReference; lastKnownFileType = sourcecode.swift; path = SelectAddressService.swift; sourceTree = "<group>"; };
		105BB52D216A4658000B6350 /* SelectAddressViewModel.swift */ = {isa = PBXFileReference; lastKnownFileType = sourcecode.swift; path = SelectAddressViewModel.swift; sourceTree = "<group>"; };
		105BB52E216A4658000B6350 /* SelectAddressTarget.swift */ = {isa = PBXFileReference; lastKnownFileType = sourcecode.swift; path = SelectAddressTarget.swift; sourceTree = "<group>"; };
		105BB536216A4D4F000B6350 /* Target.swift */ = {isa = PBXFileReference; lastKnownFileType = sourcecode.swift; path = Target.swift; sourceTree = "<group>"; };
		105BB539216A53DD000B6350 /* SourceryMeta.swift */ = {isa = PBXFileReference; lastKnownFileType = sourcecode.swift; path = SourceryMeta.swift; sourceTree = "<group>"; };
		105BB53B216A572A000B6350 /* store_search.json */ = {isa = PBXFileReference; lastKnownFileType = text.json; path = store_search.json; sourceTree = "<group>"; };
		2F15EEF87331926FBEC43AD3 /* Pods_RestaurantsTests.framework */ = {isa = PBXFileReference; explicitFileType = wrapper.framework; includeInIndex = 0; path = Pods_RestaurantsTests.framework; sourceTree = BUILT_PRODUCTS_DIR; };
		730BB6BB9C9FED8CA2AC5F18 /* Pods-RestaurantsTests.debug.xcconfig */ = {isa = PBXFileReference; includeInIndex = 1; lastKnownFileType = text.xcconfig; name = "Pods-RestaurantsTests.debug.xcconfig"; path = "Pods/Target Support Files/Pods-RestaurantsTests/Pods-RestaurantsTests.debug.xcconfig"; sourceTree = "<group>"; };
		97ABCBFCF4791F0BF8FC6583 /* Pods-RestaurantsUITests.debug.xcconfig */ = {isa = PBXFileReference; includeInIndex = 1; lastKnownFileType = text.xcconfig; name = "Pods-RestaurantsUITests.debug.xcconfig"; path = "Pods/Target Support Files/Pods-RestaurantsUITests/Pods-RestaurantsUITests.debug.xcconfig"; sourceTree = "<group>"; };
		B474DEEB3326B83B1B05E8CC /* Pods_RestaurantsUITests.framework */ = {isa = PBXFileReference; explicitFileType = wrapper.framework; includeInIndex = 0; path = Pods_RestaurantsUITests.framework; sourceTree = BUILT_PRODUCTS_DIR; };
		C65712E9F080CD17F0C432EB /* Pods-Restaurants.release.xcconfig */ = {isa = PBXFileReference; includeInIndex = 1; lastKnownFileType = text.xcconfig; name = "Pods-Restaurants.release.xcconfig"; path = "Pods/Target Support Files/Pods-Restaurants/Pods-Restaurants.release.xcconfig"; sourceTree = "<group>"; };
		CCC9BA61F5C6805520230DD9 /* Pods_Restaurants.framework */ = {isa = PBXFileReference; explicitFileType = wrapper.framework; includeInIndex = 0; path = Pods_Restaurants.framework; sourceTree = BUILT_PRODUCTS_DIR; };
		D0F05B75FA5C917D9FB8B7CB /* Pods-RestaurantsUITests.release.xcconfig */ = {isa = PBXFileReference; includeInIndex = 1; lastKnownFileType = text.xcconfig; name = "Pods-RestaurantsUITests.release.xcconfig"; path = "Pods/Target Support Files/Pods-RestaurantsUITests/Pods-RestaurantsUITests.release.xcconfig"; sourceTree = "<group>"; };
		D96938B77B2D5AFD86B6281A /* Pods-Restaurants.debug.xcconfig */ = {isa = PBXFileReference; includeInIndex = 1; lastKnownFileType = text.xcconfig; name = "Pods-Restaurants.debug.xcconfig"; path = "Pods/Target Support Files/Pods-Restaurants/Pods-Restaurants.debug.xcconfig"; sourceTree = "<group>"; };
		DBFEE2B5B19EF10982909ADB /* Pods-RestaurantsTests.release.xcconfig */ = {isa = PBXFileReference; includeInIndex = 1; lastKnownFileType = text.xcconfig; name = "Pods-RestaurantsTests.release.xcconfig"; path = "Pods/Target Support Files/Pods-RestaurantsTests/Pods-RestaurantsTests.release.xcconfig"; sourceTree = "<group>"; };
/* End PBXFileReference section */

/* Begin PBXFrameworksBuildPhase section */
		105BB4E5216A44B2000B6350 /* Frameworks */ = {
			isa = PBXFrameworksBuildPhase;
			buildActionMask = 2147483647;
			files = (
				61EB53AFF5B4F69714C373A2 /* Pods_Restaurants.framework in Frameworks */,
			);
			runOnlyForDeploymentPostprocessing = 0;
		};
		105BB4FB216A44B5000B6350 /* Frameworks */ = {
			isa = PBXFrameworksBuildPhase;
			buildActionMask = 2147483647;
			files = (
				3B304F979A7B965D6860D845 /* Pods_RestaurantsTests.framework in Frameworks */,
			);
			runOnlyForDeploymentPostprocessing = 0;
		};
		105BB506216A44B5000B6350 /* Frameworks */ = {
			isa = PBXFrameworksBuildPhase;
			buildActionMask = 2147483647;
			files = (
				977C0B581332B33F707CC890 /* Pods_RestaurantsUITests.framework in Frameworks */,
			);
			runOnlyForDeploymentPostprocessing = 0;
		};
/* End PBXFrameworksBuildPhase section */

/* Begin PBXGroup section */
		105BB4DF216A44B2000B6350 = {
			isa = PBXGroup;
			children = (
				105BB4EA216A44B2000B6350 /* Restaurants */,
				105BB501216A44B5000B6350 /* RestaurantsTests */,
				105BB50C216A44B5000B6350 /* RestaurantsUITests */,
				105BB4E9216A44B2000B6350 /* Products */,
				79EF4FF59809460AEFD310EC /* Pods */,
				4D4ED7EB07A7E62620471314 /* Frameworks */,
			);
			sourceTree = "<group>";
		};
		105BB4E9216A44B2000B6350 /* Products */ = {
			isa = PBXGroup;
			children = (
				105BB4E8216A44B2000B6350 /* Restaurants.app */,
				105BB4FE216A44B5000B6350 /* RestaurantsTests.xctest */,
				105BB509216A44B5000B6350 /* RestaurantsUITests.xctest */,
			);
			name = Products;
			sourceTree = "<group>";
		};
		105BB4EA216A44B2000B6350 /* Restaurants */ = {
			isa = PBXGroup;
			children = (
				105BB538216A53CC000B6350 /* Meta */,
				105BB4EB216A44B2000B6350 /* AppDelegate.swift */,
				105BB535216A4D3F000B6350 /* Target */,
				105BB51B216A461D000B6350 /* Restaurants */,
				105BB51C216A4629000B6350 /* SelectAddress */,
				105BB4F1216A44B2000B6350 /* Main.storyboard */,
				105BB4F4216A44B4000B6350 /* Assets.xcassets */,
				105BB4F6216A44B4000B6350 /* LaunchScreen.storyboard */,
				105BB4F9216A44B4000B6350 /* Info.plist */,
			);
			path = Restaurants;
			sourceTree = "<group>";
		};
		105BB501216A44B5000B6350 /* RestaurantsTests */ = {
			isa = PBXGroup;
			children = (
				105BB502216A44B5000B6350 /* RestaurantsTests.swift */,
				105BB504216A44B5000B6350 /* Info.plist */,
			);
			path = RestaurantsTests;
			sourceTree = "<group>";
		};
		105BB50C216A44B5000B6350 /* RestaurantsUITests */ = {
			isa = PBXGroup;
			children = (
				105BB50D216A44B5000B6350 /* RestaurantsUITests.swift */,
				105BB50F216A44B5000B6350 /* Info.plist */,
			);
			path = RestaurantsUITests;
			sourceTree = "<group>";
		};
		105BB51B216A461D000B6350 /* Restaurants */ = {
			isa = PBXGroup;
			children = (
				105BB51D216A4647000B6350 /* RestaurantsServiceProtocol.swift */,
				105BB51E216A4647000B6350 /* RestaurantsView.swift */,
				105BB51F216A4647000B6350 /* RestaurantsModel.swift */,
				105BB520216A4647000B6350 /* RestaurantsService.swift */,
				105BB521216A4647000B6350 /* RestaurantsViewModel.swift */,
				105BB522216A4647000B6350 /* RestaurantsTarget.swift */,
				105BB53B216A572A000B6350 /* store_search.json */,
			);
			path = Restaurants;
			sourceTree = "<group>";
		};
		105BB51C216A4629000B6350 /* SelectAddress */ = {
			isa = PBXGroup;
			children = (
				105BB529216A4658000B6350 /* SelectAddressServiceProtocol.swift */,
				105BB52A216A4658000B6350 /* SelectAddressView.swift */,
				105BB52B216A4658000B6350 /* SelectAddressModel.swift */,
				105BB52C216A4658000B6350 /* SelectAddressService.swift */,
				105BB52D216A4658000B6350 /* SelectAddressViewModel.swift */,
				105BB52E216A4658000B6350 /* SelectAddressTarget.swift */,
			);
			path = SelectAddress;
			sourceTree = "<group>";
		};
		105BB535216A4D3F000B6350 /* Target */ = {
			isa = PBXGroup;
			children = (
				105BB536216A4D4F000B6350 /* Target.swift */,
			);
			path = Target;
			sourceTree = "<group>";
		};
		105BB538216A53CC000B6350 /* Meta */ = {
			isa = PBXGroup;
			children = (
				105BB539216A53DD000B6350 /* SourceryMeta.swift */,
			);
			path = Meta;
			sourceTree = "<group>";
		};
		4D4ED7EB07A7E62620471314 /* Frameworks */ = {
			isa = PBXGroup;
			children = (
				CCC9BA61F5C6805520230DD9 /* Pods_Restaurants.framework */,
				2F15EEF87331926FBEC43AD3 /* Pods_RestaurantsTests.framework */,
				B474DEEB3326B83B1B05E8CC /* Pods_RestaurantsUITests.framework */,
			);
			name = Frameworks;
			sourceTree = "<group>";
		};
		79EF4FF59809460AEFD310EC /* Pods */ = {
			isa = PBXGroup;
			children = (
				D96938B77B2D5AFD86B6281A /* Pods-Restaurants.debug.xcconfig */,
				C65712E9F080CD17F0C432EB /* Pods-Restaurants.release.xcconfig */,
				730BB6BB9C9FED8CA2AC5F18 /* Pods-RestaurantsTests.debug.xcconfig */,
				DBFEE2B5B19EF10982909ADB /* Pods-RestaurantsTests.release.xcconfig */,
				97ABCBFCF4791F0BF8FC6583 /* Pods-RestaurantsUITests.debug.xcconfig */,
				D0F05B75FA5C917D9FB8B7CB /* Pods-RestaurantsUITests.release.xcconfig */,
			);
			name = Pods;
			sourceTree = "<group>";
		};
/* End PBXGroup section */

/* Begin PBXNativeTarget section */
		105BB4E7216A44B2000B6350 /* Restaurants */ = {
			isa = PBXNativeTarget;
			buildConfigurationList = 105BB512216A44B5000B6350 /* Build configuration list for PBXNativeTarget "Restaurants" */;
			buildPhases = (
				21987D4E18BFA009E530F7B6 /* [CP] Check Pods Manifest.lock */,
				105BB4E4216A44B2000B6350 /* Sources */,
				105BB4E5216A44B2000B6350 /* Frameworks */,
				105BB4E6216A44B2000B6350 /* Resources */,
				2D69E63A98BE2DFDA1E94DAE /* [CP] Embed Pods Frameworks */,
			);
			buildRules = (
			);
			dependencies = (
			);
			name = Restaurants;
			productName = Restaurants;
			productReference = 105BB4E8216A44B2000B6350 /* Restaurants.app */;
			productType = "com.apple.product-type.application";
		};
		105BB4FD216A44B5000B6350 /* RestaurantsTests */ = {
			isa = PBXNativeTarget;
			buildConfigurationList = 105BB515216A44B5000B6350 /* Build configuration list for PBXNativeTarget "RestaurantsTests" */;
			buildPhases = (
				081E64501C523856454FC439 /* [CP] Check Pods Manifest.lock */,
				105BB4FA216A44B5000B6350 /* Sources */,
				105BB4FB216A44B5000B6350 /* Frameworks */,
				105BB4FC216A44B5000B6350 /* Resources */,
			);
			buildRules = (
			);
			dependencies = (
				105BB500216A44B5000B6350 /* PBXTargetDependency */,
			);
			name = RestaurantsTests;
			productName = RestaurantsTests;
			productReference = 105BB4FE216A44B5000B6350 /* RestaurantsTests.xctest */;
			productType = "com.apple.product-type.bundle.unit-test";
		};
		105BB508216A44B5000B6350 /* RestaurantsUITests */ = {
			isa = PBXNativeTarget;
			buildConfigurationList = 105BB518216A44B5000B6350 /* Build configuration list for PBXNativeTarget "RestaurantsUITests" */;
			buildPhases = (
				6AE9B65A0DF1DF19CCDF170E /* [CP] Check Pods Manifest.lock */,
				105BB505216A44B5000B6350 /* Sources */,
				105BB506216A44B5000B6350 /* Frameworks */,
				105BB507216A44B5000B6350 /* Resources */,
			);
			buildRules = (
			);
			dependencies = (
				105BB50B216A44B5000B6350 /* PBXTargetDependency */,
			);
			name = RestaurantsUITests;
			productName = RestaurantsUITests;
			productReference = 105BB509216A44B5000B6350 /* RestaurantsUITests.xctest */;
			productType = "com.apple.product-type.bundle.ui-testing";
		};
/* End PBXNativeTarget section */

/* Begin PBXProject section */
		105BB4E0216A44B2000B6350 /* Project object */ = {
			isa = PBXProject;
			attributes = {
				LastSwiftUpdateCheck = 1000;
				LastUpgradeCheck = 1000;
				ORGANIZATIONNAME = "Ted Zhang";
				TargetAttributes = {
					105BB4E7216A44B2000B6350 = {
						CreatedOnToolsVersion = 10.0;
					};
					105BB4FD216A44B5000B6350 = {
						CreatedOnToolsVersion = 10.0;
						TestTargetID = 105BB4E7216A44B2000B6350;
					};
					105BB508216A44B5000B6350 = {
						CreatedOnToolsVersion = 10.0;
						TestTargetID = 105BB4E7216A44B2000B6350;
					};
				};
			};
			buildConfigurationList = 105BB4E3216A44B2000B6350 /* Build configuration list for PBXProject "Restaurants" */;
			compatibilityVersion = "Xcode 9.3";
			developmentRegion = en;
			hasScannedForEncodings = 0;
			knownRegions = (
				en,
				Base,
			);
			mainGroup = 105BB4DF216A44B2000B6350;
			productRefGroup = 105BB4E9216A44B2000B6350 /* Products */;
			projectDirPath = "";
			projectRoot = "";
			targets = (
				105BB4E7216A44B2000B6350 /* Restaurants */,
				105BB4FD216A44B5000B6350 /* RestaurantsTests */,
				105BB508216A44B5000B6350 /* RestaurantsUITests */,
			);
		};
/* End PBXProject section */

/* Begin PBXResourcesBuildPhase section */
		105BB4E6216A44B2000B6350 /* Resources */ = {
			isa = PBXResourcesBuildPhase;
			buildActionMask = 2147483647;
			files = (
				105BB4F8216A44B4000B6350 /* LaunchScreen.storyboard in Resources */,
				105BB4F5216A44B4000B6350 /* Assets.xcassets in Resources */,
				105BB4F3216A44B2000B6350 /* Main.storyboard in Resources */,
				105BB53C216A572A000B6350 /* store_search.json in Resources */,
			);
			runOnlyForDeploymentPostprocessing = 0;
		};
		105BB4FC216A44B5000B6350 /* Resources */ = {
			isa = PBXResourcesBuildPhase;
			buildActionMask = 2147483647;
			files = (
			);
			runOnlyForDeploymentPostprocessing = 0;
		};
		105BB507216A44B5000B6350 /* Resources */ = {
			isa = PBXResourcesBuildPhase;
			buildActionMask = 2147483647;
			files = (
			);
			runOnlyForDeploymentPostprocessing = 0;
		};
/* End PBXResourcesBuildPhase section */

/* Begin PBXShellScriptBuildPhase section */
		081E64501C523856454FC439 /* [CP] Check Pods Manifest.lock */ = {
			isa = PBXShellScriptBuildPhase;
			buildActionMask = 2147483647;
			files = (
			);
			inputFileListPaths = (
			);
			inputPaths = (
				"${PODS_PODFILE_DIR_PATH}/Podfile.lock",
				"${PODS_ROOT}/Manifest.lock",
			);
			name = "[CP] Check Pods Manifest.lock";
			outputFileListPaths = (
			);
			outputPaths = (
				"$(DERIVED_FILE_DIR)/Pods-RestaurantsTests-checkManifestLockResult.txt",
			);
			runOnlyForDeploymentPostprocessing = 0;
			shellPath = /bin/sh;
			shellScript = "diff \"${PODS_PODFILE_DIR_PATH}/Podfile.lock\" \"${PODS_ROOT}/Manifest.lock\" > /dev/null\nif [ $? != 0 ] ; then\n    # print error to STDERR\n    echo \"error: The sandbox is not in sync with the Podfile.lock. Run 'pod install' or update your CocoaPods installation.\" >&2\n    exit 1\nfi\n# This output is used by Xcode 'outputs' to avoid re-running this script phase.\necho \"SUCCESS\" > \"${SCRIPT_OUTPUT_FILE_0}\"\n";
			showEnvVarsInLog = 0;
		};
		21987D4E18BFA009E530F7B6 /* [CP] Check Pods Manifest.lock */ = {
			isa = PBXShellScriptBuildPhase;
			buildActionMask = 2147483647;
			files = (
			);
			inputFileListPaths = (
			);
			inputPaths = (
				"${PODS_PODFILE_DIR_PATH}/Podfile.lock",
				"${PODS_ROOT}/Manifest.lock",
			);
			name = "[CP] Check Pods Manifest.lock";
			outputFileListPaths = (
			);
			outputPaths = (
				"$(DERIVED_FILE_DIR)/Pods-Restaurants-checkManifestLockResult.txt",
			);
			runOnlyForDeploymentPostprocessing = 0;
			shellPath = /bin/sh;
			shellScript = "diff \"${PODS_PODFILE_DIR_PATH}/Podfile.lock\" \"${PODS_ROOT}/Manifest.lock\" > /dev/null\nif [ $? != 0 ] ; then\n    # print error to STDERR\n    echo \"error: The sandbox is not in sync with the Podfile.lock. Run 'pod install' or update your CocoaPods installation.\" >&2\n    exit 1\nfi\n# This output is used by Xcode 'outputs' to avoid re-running this script phase.\necho \"SUCCESS\" > \"${SCRIPT_OUTPUT_FILE_0}\"\n";
			showEnvVarsInLog = 0;
		};
		2D69E63A98BE2DFDA1E94DAE /* [CP] Embed Pods Frameworks */ = {
			isa = PBXShellScriptBuildPhase;
			buildActionMask = 2147483647;
			files = (
			);
			inputFileListPaths = (
			);
			inputPaths = (
				"${SRCROOT}/Pods/Target Support Files/Pods-Restaurants/Pods-Restaurants-frameworks.sh",
				"${BUILT_PRODUCTS_DIR}/Alamofire/Alamofire.framework",
				"${BUILT_PRODUCTS_DIR}/Moya/Moya.framework",
				"${BUILT_PRODUCTS_DIR}/NSObject+Rx/NSObject_Rx.framework",
				"${BUILT_PRODUCTS_DIR}/Result/Result.framework",
				"${BUILT_PRODUCTS_DIR}/RxCocoa/RxCocoa.framework",
				"${BUILT_PRODUCTS_DIR}/RxOptional/RxOptional.framework",
				"${BUILT_PRODUCTS_DIR}/RxSwift/RxSwift.framework",
				"${BUILT_PRODUCTS_DIR}/RxSwiftExt/RxSwiftExt.framework",
			);
			name = "[CP] Embed Pods Frameworks";
			outputFileListPaths = (
			);
			outputPaths = (
				"${TARGET_BUILD_DIR}/${FRAMEWORKS_FOLDER_PATH}/Alamofire.framework",
				"${TARGET_BUILD_DIR}/${FRAMEWORKS_FOLDER_PATH}/Moya.framework",
				"${TARGET_BUILD_DIR}/${FRAMEWORKS_FOLDER_PATH}/NSObject_Rx.framework",
				"${TARGET_BUILD_DIR}/${FRAMEWORKS_FOLDER_PATH}/Result.framework",
				"${TARGET_BUILD_DIR}/${FRAMEWORKS_FOLDER_PATH}/RxCocoa.framework",
				"${TARGET_BUILD_DIR}/${FRAMEWORKS_FOLDER_PATH}/RxOptional.framework",
				"${TARGET_BUILD_DIR}/${FRAMEWORKS_FOLDER_PATH}/RxSwift.framework",
				"${TARGET_BUILD_DIR}/${FRAMEWORKS_FOLDER_PATH}/RxSwiftExt.framework",
			);
			runOnlyForDeploymentPostprocessing = 0;
			shellPath = /bin/sh;
			shellScript = "\"${SRCROOT}/Pods/Target Support Files/Pods-Restaurants/Pods-Restaurants-frameworks.sh\"\n";
			showEnvVarsInLog = 0;
		};
		6AE9B65A0DF1DF19CCDF170E /* [CP] Check Pods Manifest.lock */ = {
			isa = PBXShellScriptBuildPhase;
			buildActionMask = 2147483647;
			files = (
			);
			inputFileListPaths = (
			);
			inputPaths = (
				"${PODS_PODFILE_DIR_PATH}/Podfile.lock",
				"${PODS_ROOT}/Manifest.lock",
			);
			name = "[CP] Check Pods Manifest.lock";
			outputFileListPaths = (
			);
			outputPaths = (
				"$(DERIVED_FILE_DIR)/Pods-RestaurantsUITests-checkManifestLockResult.txt",
			);
			runOnlyForDeploymentPostprocessing = 0;
			shellPath = /bin/sh;
			shellScript = "diff \"${PODS_PODFILE_DIR_PATH}/Podfile.lock\" \"${PODS_ROOT}/Manifest.lock\" > /dev/null\nif [ $? != 0 ] ; then\n    # print error to STDERR\n    echo \"error: The sandbox is not in sync with the Podfile.lock. Run 'pod install' or update your CocoaPods installation.\" >&2\n    exit 1\nfi\n# This output is used by Xcode 'outputs' to avoid re-running this script phase.\necho \"SUCCESS\" > \"${SCRIPT_OUTPUT_FILE_0}\"\n";
			showEnvVarsInLog = 0;
		};
/* End PBXShellScriptBuildPhase section */

/* Begin PBXSourcesBuildPhase section */
		105BB4E4216A44B2000B6350 /* Sources */ = {
			isa = PBXSourcesBuildPhase;
			buildActionMask = 2147483647;
			files = (
				105BB525216A4647000B6350 /* RestaurantsModel.swift in Sources */,
				105BB533216A4658000B6350 /* SelectAddressViewModel.swift in Sources */,
				105BB53A216A53DD000B6350 /* SourceryMeta.swift in Sources */,
				105BB537216A4D4F000B6350 /* Target.swift in Sources */,
				105BB523216A4647000B6350 /* RestaurantsServiceProtocol.swift in Sources */,
				105BB531216A4658000B6350 /* SelectAddressModel.swift in Sources */,
				105BB530216A4658000B6350 /* SelectAddressView.swift in Sources */,
				105BB532216A4658000B6350 /* SelectAddressService.swift in Sources */,
				105BB524216A4647000B6350 /* RestaurantsView.swift in Sources */,
				105BB52F216A4658000B6350 /* SelectAddressServiceProtocol.swift in Sources */,
				105BB528216A4647000B6350 /* RestaurantsTarget.swift in Sources */,
				105BB534216A4658000B6350 /* SelectAddressTarget.swift in Sources */,
				105BB4EC216A44B2000B6350 /* AppDelegate.swift in Sources */,
				105BB527216A4647000B6350 /* RestaurantsViewModel.swift in Sources */,
				105BB526216A4647000B6350 /* RestaurantsService.swift in Sources */,
			);
			runOnlyForDeploymentPostprocessing = 0;
		};
		105BB4FA216A44B5000B6350 /* Sources */ = {
			isa = PBXSourcesBuildPhase;
			buildActionMask = 2147483647;
			files = (
				105BB503216A44B5000B6350 /* RestaurantsTests.swift in Sources */,
			);
			runOnlyForDeploymentPostprocessing = 0;
		};
		105BB505216A44B5000B6350 /* Sources */ = {
			isa = PBXSourcesBuildPhase;
			buildActionMask = 2147483647;
			files = (
				105BB50E216A44B5000B6350 /* RestaurantsUITests.swift in Sources */,
			);
			runOnlyForDeploymentPostprocessing = 0;
		};
/* End PBXSourcesBuildPhase section */

/* Begin PBXTargetDependency section */
		105BB500216A44B5000B6350 /* PBXTargetDependency */ = {
			isa = PBXTargetDependency;
			target = 105BB4E7216A44B2000B6350 /* Restaurants */;
			targetProxy = 105BB4FF216A44B5000B6350 /* PBXContainerItemProxy */;
		};
		105BB50B216A44B5000B6350 /* PBXTargetDependency */ = {
			isa = PBXTargetDependency;
			target = 105BB4E7216A44B2000B6350 /* Restaurants */;
			targetProxy = 105BB50A216A44B5000B6350 /* PBXContainerItemProxy */;
		};
/* End PBXTargetDependency section */

/* Begin PBXVariantGroup section */
		105BB4F1216A44B2000B6350 /* Main.storyboard */ = {
			isa = PBXVariantGroup;
			children = (
				105BB4F2216A44B2000B6350 /* Base */,
			);
			name = Main.storyboard;
			sourceTree = "<group>";
		};
		105BB4F6216A44B4000B6350 /* LaunchScreen.storyboard */ = {
			isa = PBXVariantGroup;
			children = (
				105BB4F7216A44B4000B6350 /* Base */,
			);
			name = LaunchScreen.storyboard;
			sourceTree = "<group>";
		};
/* End PBXVariantGroup section */

/* Begin XCBuildConfiguration section */
		105BB510216A44B5000B6350 /* Debug */ = {
			isa = XCBuildConfiguration;
			buildSettings = {
				ALWAYS_SEARCH_USER_PATHS = NO;
				CLANG_ANALYZER_NONNULL = YES;
				CLANG_ANALYZER_NUMBER_OBJECT_CONVERSION = YES_AGGRESSIVE;
				CLANG_CXX_LANGUAGE_STANDARD = "gnu++14";
				CLANG_CXX_LIBRARY = "libc++";
				CLANG_ENABLE_MODULES = YES;
				CLANG_ENABLE_OBJC_ARC = YES;
				CLANG_ENABLE_OBJC_WEAK = YES;
				CLANG_WARN_BLOCK_CAPTURE_AUTORELEASING = YES;
				CLANG_WARN_BOOL_CONVERSION = YES;
				CLANG_WARN_COMMA = YES;
				CLANG_WARN_CONSTANT_CONVERSION = YES;
				CLANG_WARN_DEPRECATED_OBJC_IMPLEMENTATIONS = YES;
				CLANG_WARN_DIRECT_OBJC_ISA_USAGE = YES_ERROR;
				CLANG_WARN_DOCUMENTATION_COMMENTS = YES;
				CLANG_WARN_EMPTY_BODY = YES;
				CLANG_WARN_ENUM_CONVERSION = YES;
				CLANG_WARN_INFINITE_RECURSION = YES;
				CLANG_WARN_INT_CONVERSION = YES;
				CLANG_WARN_NON_LITERAL_NULL_CONVERSION = YES;
				CLANG_WARN_OBJC_IMPLICIT_RETAIN_SELF = YES;
				CLANG_WARN_OBJC_LITERAL_CONVERSION = YES;
				CLANG_WARN_OBJC_ROOT_CLASS = YES_ERROR;
				CLANG_WARN_RANGE_LOOP_ANALYSIS = YES;
				CLANG_WARN_STRICT_PROTOTYPES = YES;
				CLANG_WARN_SUSPICIOUS_MOVE = YES;
				CLANG_WARN_UNGUARDED_AVAILABILITY = YES_AGGRESSIVE;
				CLANG_WARN_UNREACHABLE_CODE = YES;
				CLANG_WARN__DUPLICATE_METHOD_MATCH = YES;
				CODE_SIGN_IDENTITY = "iPhone Developer";
				COPY_PHASE_STRIP = NO;
				DEBUG_INFORMATION_FORMAT = dwarf;
				ENABLE_STRICT_OBJC_MSGSEND = YES;
				ENABLE_TESTABILITY = YES;
				GCC_C_LANGUAGE_STANDARD = gnu11;
				GCC_DYNAMIC_NO_PIC = NO;
				GCC_NO_COMMON_BLOCKS = YES;
				GCC_OPTIMIZATION_LEVEL = 0;
				GCC_PREPROCESSOR_DEFINITIONS = (
					"DEBUG=1",
					"$(inherited)",
				);
				GCC_WARN_64_TO_32_BIT_CONVERSION = YES;
				GCC_WARN_ABOUT_RETURN_TYPE = YES_ERROR;
				GCC_WARN_UNDECLARED_SELECTOR = YES;
				GCC_WARN_UNINITIALIZED_AUTOS = YES_AGGRESSIVE;
				GCC_WARN_UNUSED_FUNCTION = YES;
				GCC_WARN_UNUSED_VARIABLE = YES;
				IPHONEOS_DEPLOYMENT_TARGET = 12.0;
				MTL_ENABLE_DEBUG_INFO = INCLUDE_SOURCE;
				MTL_FAST_MATH = YES;
				ONLY_ACTIVE_ARCH = YES;
				SDKROOT = iphoneos;
				SWIFT_ACTIVE_COMPILATION_CONDITIONS = DEBUG;
				SWIFT_OPTIMIZATION_LEVEL = "-Onone";
			};
			name = Debug;
		};
		105BB511216A44B5000B6350 /* Release */ = {
			isa = XCBuildConfiguration;
			buildSettings = {
				ALWAYS_SEARCH_USER_PATHS = NO;
				CLANG_ANALYZER_NONNULL = YES;
				CLANG_ANALYZER_NUMBER_OBJECT_CONVERSION = YES_AGGRESSIVE;
				CLANG_CXX_LANGUAGE_STANDARD = "gnu++14";
				CLANG_CXX_LIBRARY = "libc++";
				CLANG_ENABLE_MODULES = YES;
				CLANG_ENABLE_OBJC_ARC = YES;
				CLANG_ENABLE_OBJC_WEAK = YES;
				CLANG_WARN_BLOCK_CAPTURE_AUTORELEASING = YES;
				CLANG_WARN_BOOL_CONVERSION = YES;
				CLANG_WARN_COMMA = YES;
				CLANG_WARN_CONSTANT_CONVERSION = YES;
				CLANG_WARN_DEPRECATED_OBJC_IMPLEMENTATIONS = YES;
				CLANG_WARN_DIRECT_OBJC_ISA_USAGE = YES_ERROR;
				CLANG_WARN_DOCUMENTATION_COMMENTS = YES;
				CLANG_WARN_EMPTY_BODY = YES;
				CLANG_WARN_ENUM_CONVERSION = YES;
				CLANG_WARN_INFINITE_RECURSION = YES;
				CLANG_WARN_INT_CONVERSION = YES;
				CLANG_WARN_NON_LITERAL_NULL_CONVERSION = YES;
				CLANG_WARN_OBJC_IMPLICIT_RETAIN_SELF = YES;
				CLANG_WARN_OBJC_LITERAL_CONVERSION = YES;
				CLANG_WARN_OBJC_ROOT_CLASS = YES_ERROR;
				CLANG_WARN_RANGE_LOOP_ANALYSIS = YES;
				CLANG_WARN_STRICT_PROTOTYPES = YES;
				CLANG_WARN_SUSPICIOUS_MOVE = YES;
				CLANG_WARN_UNGUARDED_AVAILABILITY = YES_AGGRESSIVE;
				CLANG_WARN_UNREACHABLE_CODE = YES;
				CLANG_WARN__DUPLICATE_METHOD_MATCH = YES;
				CODE_SIGN_IDENTITY = "iPhone Developer";
				COPY_PHASE_STRIP = NO;
				DEBUG_INFORMATION_FORMAT = "dwarf-with-dsym";
				ENABLE_NS_ASSERTIONS = NO;
				ENABLE_STRICT_OBJC_MSGSEND = YES;
				GCC_C_LANGUAGE_STANDARD = gnu11;
				GCC_NO_COMMON_BLOCKS = YES;
				GCC_WARN_64_TO_32_BIT_CONVERSION = YES;
				GCC_WARN_ABOUT_RETURN_TYPE = YES_ERROR;
				GCC_WARN_UNDECLARED_SELECTOR = YES;
				GCC_WARN_UNINITIALIZED_AUTOS = YES_AGGRESSIVE;
				GCC_WARN_UNUSED_FUNCTION = YES;
				GCC_WARN_UNUSED_VARIABLE = YES;
				IPHONEOS_DEPLOYMENT_TARGET = 12.0;
				MTL_ENABLE_DEBUG_INFO = NO;
				MTL_FAST_MATH = YES;
				SDKROOT = iphoneos;
				SWIFT_COMPILATION_MODE = wholemodule;
				SWIFT_OPTIMIZATION_LEVEL = "-O";
				VALIDATE_PRODUCT = YES;
			};
			name = Release;
		};
		105BB513216A44B5000B6350 /* Debug */ = {
			isa = XCBuildConfiguration;
			baseConfigurationReference = D96938B77B2D5AFD86B6281A /* Pods-Restaurants.debug.xcconfig */;
			buildSettings = {
				ASSETCATALOG_COMPILER_APPICON_NAME = AppIcon;
				CODE_SIGN_STYLE = Automatic;
				DEVELOPMENT_TEAM = ZNV3JB73XM;
				INFOPLIST_FILE = Restaurants/Info.plist;
				LD_RUNPATH_SEARCH_PATHS = (
					"$(inherited)",
					"@executable_path/Frameworks",
				);
				PRODUCT_BUNDLE_IDENTIFIER = com.tz.Restaurants;
				PRODUCT_NAME = "$(TARGET_NAME)";
				SWIFT_VERSION = 4.2;
				TARGETED_DEVICE_FAMILY = "1,2";
			};
			name = Debug;
		};
		105BB514216A44B5000B6350 /* Release */ = {
			isa = XCBuildConfiguration;
			baseConfigurationReference = C65712E9F080CD17F0C432EB /* Pods-Restaurants.release.xcconfig */;
			buildSettings = {
				ASSETCATALOG_COMPILER_APPICON_NAME = AppIcon;
				CODE_SIGN_STYLE = Automatic;
				DEVELOPMENT_TEAM = ZNV3JB73XM;
				INFOPLIST_FILE = Restaurants/Info.plist;
				LD_RUNPATH_SEARCH_PATHS = (
					"$(inherited)",
					"@executable_path/Frameworks",
				);
				PRODUCT_BUNDLE_IDENTIFIER = com.tz.Restaurants;
				PRODUCT_NAME = "$(TARGET_NAME)";
				SWIFT_VERSION = 4.2;
				TARGETED_DEVICE_FAMILY = "1,2";
			};
			name = Release;
		};
		105BB516216A44B5000B6350 /* Debug */ = {
			isa = XCBuildConfiguration;
			baseConfigurationReference = 730BB6BB9C9FED8CA2AC5F18 /* Pods-RestaurantsTests.debug.xcconfig */;
			buildSettings = {
				ALWAYS_EMBED_SWIFT_STANDARD_LIBRARIES = YES;
				BUNDLE_LOADER = "$(TEST_HOST)";
				CODE_SIGN_STYLE = Automatic;
				DEVELOPMENT_TEAM = ZNV3JB73XM;
				INFOPLIST_FILE = RestaurantsTests/Info.plist;
				LD_RUNPATH_SEARCH_PATHS = (
					"$(inherited)",
					"@executable_path/Frameworks",
					"@loader_path/Frameworks",
				);
				PRODUCT_BUNDLE_IDENTIFIER = com.tz.RestaurantsTests;
				PRODUCT_NAME = "$(TARGET_NAME)";
				SWIFT_VERSION = 4.2;
				TARGETED_DEVICE_FAMILY = "1,2";
				TEST_HOST = "$(BUILT_PRODUCTS_DIR)/Restaurants.app/Restaurants";
			};
			name = Debug;
		};
		105BB517216A44B5000B6350 /* Release */ = {
			isa = XCBuildConfiguration;
			baseConfigurationReference = DBFEE2B5B19EF10982909ADB /* Pods-RestaurantsTests.release.xcconfig */;
			buildSettings = {
				ALWAYS_EMBED_SWIFT_STANDARD_LIBRARIES = YES;
				BUNDLE_LOADER = "$(TEST_HOST)";
				CODE_SIGN_STYLE = Automatic;
				DEVELOPMENT_TEAM = ZNV3JB73XM;
				INFOPLIST_FILE = RestaurantsTests/Info.plist;
				LD_RUNPATH_SEARCH_PATHS = (
					"$(inherited)",
					"@executable_path/Frameworks",
					"@loader_path/Frameworks",
				);
				PRODUCT_BUNDLE_IDENTIFIER = com.tz.RestaurantsTests;
				PRODUCT_NAME = "$(TARGET_NAME)";
				SWIFT_VERSION = 4.2;
				TARGETED_DEVICE_FAMILY = "1,2";
				TEST_HOST = "$(BUILT_PRODUCTS_DIR)/Restaurants.app/Restaurants";
			};
			name = Release;
		};
		105BB519216A44B5000B6350 /* Debug */ = {
			isa = XCBuildConfiguration;
			baseConfigurationReference = 97ABCBFCF4791F0BF8FC6583 /* Pods-RestaurantsUITests.debug.xcconfig */;
			buildSettings = {
				ALWAYS_EMBED_SWIFT_STANDARD_LIBRARIES = YES;
				CODE_SIGN_STYLE = Automatic;
				DEVELOPMENT_TEAM = ZNV3JB73XM;
				INFOPLIST_FILE = RestaurantsUITests/Info.plist;
				LD_RUNPATH_SEARCH_PATHS = (
					"$(inherited)",
					"@executable_path/Frameworks",
					"@loader_path/Frameworks",
				);
				PRODUCT_BUNDLE_IDENTIFIER = com.tz.RestaurantsUITests;
				PRODUCT_NAME = "$(TARGET_NAME)";
				SWIFT_VERSION = 4.2;
				TARGETED_DEVICE_FAMILY = "1,2";
				TEST_TARGET_NAME = Restaurants;
			};
			name = Debug;
		};
		105BB51A216A44B5000B6350 /* Release */ = {
			isa = XCBuildConfiguration;
			baseConfigurationReference = D0F05B75FA5C917D9FB8B7CB /* Pods-RestaurantsUITests.release.xcconfig */;
			buildSettings = {
				ALWAYS_EMBED_SWIFT_STANDARD_LIBRARIES = YES;
				CODE_SIGN_STYLE = Automatic;
				DEVELOPMENT_TEAM = ZNV3JB73XM;
				INFOPLIST_FILE = RestaurantsUITests/Info.plist;
				LD_RUNPATH_SEARCH_PATHS = (
					"$(inherited)",
					"@executable_path/Frameworks",
					"@loader_path/Frameworks",
				);
				PRODUCT_BUNDLE_IDENTIFIER = com.tz.RestaurantsUITests;
				PRODUCT_NAME = "$(TARGET_NAME)";
				SWIFT_VERSION = 4.2;
				TARGETED_DEVICE_FAMILY = "1,2";
				TEST_TARGET_NAME = Restaurants;
			};
			name = Release;
		};
/* End XCBuildConfiguration section */

/* Begin XCConfigurationList section */
		105BB4E3216A44B2000B6350 /* Build configuration list for PBXProject "Restaurants" */ = {
			isa = XCConfigurationList;
			buildConfigurations = (
				105BB510216A44B5000B6350 /* Debug */,
				105BB511216A44B5000B6350 /* Release */,
			);
			defaultConfigurationIsVisible = 0;
			defaultConfigurationName = Release;
		};
		105BB512216A44B5000B6350 /* Build configuration list for PBXNativeTarget "Restaurants" */ = {
			isa = XCConfigurationList;
			buildConfigurations = (
				105BB513216A44B5000B6350 /* Debug */,
				105BB514216A44B5000B6350 /* Release */,
			);
			defaultConfigurationIsVisible = 0;
			defaultConfigurationName = Release;
		};
		105BB515216A44B5000B6350 /* Build configuration list for PBXNativeTarget "RestaurantsTests" */ = {
			isa = XCConfigurationList;
			buildConfigurations = (
				105BB516216A44B5000B6350 /* Debug */,
				105BB517216A44B5000B6350 /* Release */,
			);
			defaultConfigurationIsVisible = 0;
			defaultConfigurationName = Release;
		};
		105BB518216A44B5000B6350 /* Build configuration list for PBXNativeTarget "RestaurantsUITests" */ = {
			isa = XCConfigurationList;
			buildConfigurations = (
				105BB519216A44B5000B6350 /* Debug */,
				105BB51A216A44B5000B6350 /* Release */,
			);
			defaultConfigurationIsVisible = 0;
			defaultConfigurationName = Release;
		};
/* End XCConfigurationList section */
	};
	rootObject = 105BB4E0216A44B2000B6350 /* Project object */;
}
